
Microsoft Visual Studio Solution File, Format Version 12.00
# Visual Studio 15
VisualStudioVersion = 15.0.26403.3
MinimumVisualStudioVersion = 10.0.40219.1
Project("{FAE04EC0-301F-11D3-BF4B-00C04F79EFBC}") = "AbpEx", "AbpEx\AbpEx.csproj", "{76C94A81-E659-4C66-BADE-7AA4C14DDD4C}"
EndProject
Project("{FAE04EC0-301F-11D3-BF4B-00C04F79EFBC}") = "AbpEx.EntityFramework", "AbpEx.EntityFramework\AbpEx.EntityFramework.csproj", "{DDE391D4-5754-4418-827A-3E37AAD3E7C4}"
EndProject
Project("{2150E333-8FDC-42A3-9474-1A3956D46DE8}") = "src", "src", "{89C703D6-E0F5-4E3F-A0F4-993AF81A0F52}"
EndProject
Project("{2150E333-8FDC-42A3-9474-1A3956D46DE8}") = "test", "test", "{239DD67A-DB1C-47D1-8A07-8D3E2AC66BB0}"
EndProject
Project("{2150E333-8FDC-42A3-9474-1A3956D46DE8}") = "AbpEx.EF.Tests", "AbpEx.EF.Tests", "{422B8C92-C740-4BD7-9B5F-AD093BB0FF68}"
EndProject
Project("{FAE04EC0-301F-11D3-BF4B-00C04F79EFBC}") = "Demo.Batch.Core", "AbpEx.EF.Test\Demo.Batch.Core\Demo.Batch.Core.csproj", "{A317767A-A3F5-479D-A44A-F36B191741F0}"
EndProject
Project("{FAE04EC0-301F-11D3-BF4B-00C04F79EFBC}") = "Demo.Batch.EntityFramework", "AbpEx.EF.Test\Demo.Batch.EntityFramework\Demo.Batch.EntityFramework.csproj", "{FABEFF11-A6FA-49BC-AE6E-F9DC329C702C}"
EndProject
Project("{FAE04EC0-301F-11D3-BF4B-00C04F79EFBC}") = "Demo.Batch.Application", "AbpEx.EF.Test\Demo.Batch.Application\Demo.Batch.Application.csproj", "{F5D910EC-41A1-473B-81BB-ACC065E8E761}"
EndProject
Project("{FAE04EC0-301F-11D3-BF4B-00C04F79EFBC}") = "Demo.Batch.Tests", "AbpEx.EF.Test\Demo.Batch.Tests\Demo.Batch.Tests.csproj", "{A2E69774-7BBC-4508-B892-879252510A27}"
EndProject
Project("{FAE04EC0-301F-11D3-BF4B-00C04F79EFBC}") = "AbpEx.Web.Mvc", "AbpEx.Web.Mvc\AbpEx.Web.Mvc.csproj", "{3AC148CF-7879-4C40-929D-88177D3384B5}"
EndProject
Project("{FAE04EC0-301F-11D3-BF4B-00C04F79EFBC}") = "AbpEx.Dapper", "AbpEx.Dapper\AbpEx.Dapper.csproj", "{0D110938-27E1-461B-BFD1-2D8DFEE3592E}"
EndProject
Project("{2150E333-8FDC-42A3-9474-1A3956D46DE8}") = "AbpEx.Dapper.Tests", "AbpEx.Dapper.Tests", "{A15EFACF-EE73-4125-BD21-3D389624F6E9}"
EndProject
Project("{FAE04EC0-301F-11D3-BF4B-00C04F79EFBC}") = "AbpEx.Dapper.Tests", "AbpEx.Dapper.Tests\AbpEx.Dapper.Tests.csproj", "{546CEBF2-E273-40C7-8A5C-8F593551725B}"
EndProject
Global
	GlobalSection(SolutionConfigurationPlatforms) = preSolution
		Debug|Any CPU = Debug|Any CPU
		Release|Any CPU = Release|Any CPU
		UnitTest|Any CPU = UnitTest|Any CPU
	EndGlobalSection
	GlobalSection(ProjectConfigurationPlatforms) = postSolution
		{76C94A81-E659-4C66-BADE-7AA4C14DDD4C}.Debug|Any CPU.ActiveCfg = Debug|Any CPU
		{76C94A81-E659-4C66-BADE-7AA4C14DDD4C}.Debug|Any CPU.Build.0 = Debug|Any CPU
		{76C94A81-E659-4C66-BADE-7AA4C14DDD4C}.Release|Any CPU.ActiveCfg = Release|Any CPU
		{76C94A81-E659-4C66-BADE-7AA4C14DDD4C}.Release|Any CPU.Build.0 = Release|Any CPU
		{76C94A81-E659-4C66-BADE-7AA4C14DDD4C}.UnitTest|Any CPU.ActiveCfg = UnitTest|Any CPU
		{76C94A81-E659-4C66-BADE-7AA4C14DDD4C}.UnitTest|Any CPU.Build.0 = UnitTest|Any CPU
		{DDE391D4-5754-4418-827A-3E37AAD3E7C4}.Debug|Any CPU.ActiveCfg = Debug|Any CPU
		{DDE391D4-5754-4418-827A-3E37AAD3E7C4}.Debug|Any CPU.Build.0 = Debug|Any CPU
		{DDE391D4-5754-4418-827A-3E37AAD3E7C4}.Release|Any CPU.ActiveCfg = Release|Any CPU
		{DDE391D4-5754-4418-827A-3E37AAD3E7C4}.Release|Any CPU.Build.0 = Release|Any CPU
		{DDE391D4-5754-4418-827A-3E37AAD3E7C4}.UnitTest|Any CPU.ActiveCfg = UnitTest|Any CPU
		{DDE391D4-5754-4418-827A-3E37AAD3E7C4}.UnitTest|Any CPU.Build.0 = UnitTest|Any CPU
		{A317767A-A3F5-479D-A44A-F36B191741F0}.Debug|Any CPU.ActiveCfg = Debug|Any CPU
		{A317767A-A3F5-479D-A44A-F36B191741F0}.Debug|Any CPU.Build.0 = Debug|Any CPU
		{A317767A-A3F5-479D-A44A-F36B191741F0}.Release|Any CPU.ActiveCfg = Release|Any CPU
		{A317767A-A3F5-479D-A44A-F36B191741F0}.Release|Any CPU.Build.0 = Release|Any CPU
		{A317767A-A3F5-479D-A44A-F36B191741F0}.UnitTest|Any CPU.ActiveCfg = UnitTest|Any CPU
		{A317767A-A3F5-479D-A44A-F36B191741F0}.UnitTest|Any CPU.Build.0 = UnitTest|Any CPU
		{FABEFF11-A6FA-49BC-AE6E-F9DC329C702C}.Debug|Any CPU.ActiveCfg = Debug|Any CPU
		{FABEFF11-A6FA-49BC-AE6E-F9DC329C702C}.Debug|Any CPU.Build.0 = Debug|Any CPU
		{FABEFF11-A6FA-49BC-AE6E-F9DC329C702C}.Release|Any CPU.ActiveCfg = Release|Any CPU
		{FABEFF11-A6FA-49BC-AE6E-F9DC329C702C}.Release|Any CPU.Build.0 = Release|Any CPU
		{FABEFF11-A6FA-49BC-AE6E-F9DC329C702C}.UnitTest|Any CPU.ActiveCfg = UnitTest|Any CPU
		{FABEFF11-A6FA-49BC-AE6E-F9DC329C702C}.UnitTest|Any CPU.Build.0 = UnitTest|Any CPU
		{F5D910EC-41A1-473B-81BB-ACC065E8E761}.Debug|Any CPU.ActiveCfg = Debug|Any CPU
		{F5D910EC-41A1-473B-81BB-ACC065E8E761}.Debug|Any CPU.Build.0 = Debug|Any CPU
		{F5D910EC-41A1-473B-81BB-ACC065E8E761}.Release|Any CPU.ActiveCfg = Release|Any CPU
		{F5D910EC-41A1-473B-81BB-ACC065E8E761}.Release|Any CPU.Build.0 = Release|Any CPU
		{F5D910EC-41A1-473B-81BB-ACC065E8E761}.UnitTest|Any CPU.ActiveCfg = UnitTest|Any CPU
		{F5D910EC-41A1-473B-81BB-ACC065E8E761}.UnitTest|Any CPU.Build.0 = UnitTest|Any CPU
		{A2E69774-7BBC-4508-B892-879252510A27}.Debug|Any CPU.ActiveCfg = Debug|Any CPU
		{A2E69774-7BBC-4508-B892-879252510A27}.Debug|Any CPU.Build.0 = Debug|Any CPU
		{A2E69774-7BBC-4508-B892-879252510A27}.Release|Any CPU.ActiveCfg = Release|Any CPU
		{A2E69774-7BBC-4508-B892-879252510A27}.Release|Any CPU.Build.0 = Release|Any CPU
		{A2E69774-7BBC-4508-B892-879252510A27}.UnitTest|Any CPU.ActiveCfg = UnitTest|Any CPU
		{A2E69774-7BBC-4508-B892-879252510A27}.UnitTest|Any CPU.Build.0 = UnitTest|Any CPU
		{3AC148CF-7879-4C40-929D-88177D3384B5}.Debug|Any CPU.ActiveCfg = Debug|Any CPU
		{3AC148CF-7879-4C40-929D-88177D3384B5}.Debug|Any CPU.Build.0 = Debug|Any CPU
		{3AC148CF-7879-4C40-929D-88177D3384B5}.Release|Any CPU.ActiveCfg = Release|Any CPU
		{3AC148CF-7879-4C40-929D-88177D3384B5}.Release|Any CPU.Build.0 = Release|Any CPU
		{3AC148CF-7879-4C40-929D-88177D3384B5}.UnitTest|Any CPU.ActiveCfg = Release|Any CPU
		{3AC148CF-7879-4C40-929D-88177D3384B5}.UnitTest|Any CPU.Build.0 = Release|Any CPU
		{0D110938-27E1-461B-BFD1-2D8DFEE3592E}.Debug|Any CPU.ActiveCfg = Debug|Any CPU
		{0D110938-27E1-461B-BFD1-2D8DFEE3592E}.Debug|Any CPU.Build.0 = Debug|Any CPU
		{0D110938-27E1-461B-BFD1-2D8DFEE3592E}.Release|Any CPU.ActiveCfg = Release|Any CPU
		{0D110938-27E1-461B-BFD1-2D8DFEE3592E}.Release|Any CPU.Build.0 = Release|Any CPU
		{0D110938-27E1-461B-BFD1-2D8DFEE3592E}.UnitTest|Any CPU.ActiveCfg = Release|Any CPU
		{0D110938-27E1-461B-BFD1-2D8DFEE3592E}.UnitTest|Any CPU.Build.0 = Release|Any CPU
		{546CEBF2-E273-40C7-8A5C-8F593551725B}.Debug|Any CPU.ActiveCfg = Debug|Any CPU
		{546CEBF2-E273-40C7-8A5C-8F593551725B}.Debug|Any CPU.Build.0 = Debug|Any CPU
		{546CEBF2-E273-40C7-8A5C-8F593551725B}.Release|Any CPU.ActiveCfg = Release|Any CPU
		{546CEBF2-E273-40C7-8A5C-8F593551725B}.Release|Any CPU.Build.0 = Release|Any CPU
		{546CEBF2-E273-40C7-8A5C-8F593551725B}.UnitTest|Any CPU.ActiveCfg = Release|Any CPU
		{546CEBF2-E273-40C7-8A5C-8F593551725B}.UnitTest|Any CPU.Build.0 = Release|Any CPU
	EndGlobalSection
	GlobalSection(SolutionProperties) = preSolution
		HideSolutionNode = FALSE
	EndGlobalSection
	GlobalSection(NestedProjects) = preSolution
		{76C94A81-E659-4C66-BADE-7AA4C14DDD4C} = {89C703D6-E0F5-4E3F-A0F4-993AF81A0F52}
		{DDE391D4-5754-4418-827A-3E37AAD3E7C4} = {89C703D6-E0F5-4E3F-A0F4-993AF81A0F52}
		{422B8C92-C740-4BD7-9B5F-AD093BB0FF68} = {239DD67A-DB1C-47D1-8A07-8D3E2AC66BB0}
		{A317767A-A3F5-479D-A44A-F36B191741F0} = {422B8C92-C740-4BD7-9B5F-AD093BB0FF68}
		{FABEFF11-A6FA-49BC-AE6E-F9DC329C702C} = {422B8C92-C740-4BD7-9B5F-AD093BB0FF68}
		{F5D910EC-41A1-473B-81BB-ACC065E8E761} = {422B8C92-C740-4BD7-9B5F-AD093BB0FF68}
		{A2E69774-7BBC-4508-B892-879252510A27} = {422B8C92-C740-4BD7-9B5F-AD093BB0FF68}
		{3AC148CF-7879-4C40-929D-88177D3384B5} = {89C703D6-E0F5-4E3F-A0F4-993AF81A0F52}
		{0D110938-27E1-461B-BFD1-2D8DFEE3592E} = {89C703D6-E0F5-4E3F-A0F4-993AF81A0F52}
		{A15EFACF-EE73-4125-BD21-3D389624F6E9} = {239DD67A-DB1C-47D1-8A07-8D3E2AC66BB0}
		{546CEBF2-E273-40C7-8A5C-8F593551725B} = {A15EFACF-EE73-4125-BD21-3D389624F6E9}
	EndGlobalSection
EndGlobal
